
Microsoft Visual Studio Solution File, Format Version 12.00
# Visual Studio Version 17
VisualStudioVersion = 17.5.002.0
MinimumVisualStudioVersion = 10.0.40219.1
Project("{9A19103F-16F7-4668-BE54-9A1E7A4F7556}") = "api", "api.csproj", "{851EC61A-47C8-405C-A073-E2DF445DE414}"
EndProject
Global
	GlobalSection(SolutionConfigurationPlatforms) = preSolution
		Debug|Any CPU = Debug|Any CPU
		Release|Any CPU = Release|Any CPU
	EndGlobalSection
	GlobalSection(ProjectConfigurationPlatforms) = postSolution
		{851EC61A-47C8-405C-A073-E2DF445DE414}.Debug|Any CPU.ActiveCfg = Debug|Any CPU
		{851EC61A-47C8-405C-A073-E2DF445DE414}.Debug|Any CPU.Build.0 = Debug|Any CPU
		{851EC61A-47C8-405C-A073-E2DF445DE414}.Release|Any CPU.ActiveCfg = Release|Any CPU
		{851EC61A-47C8-405C-A073-E2DF445DE414}.Release|Any CPU.Build.0 = Release|Any CPU
	EndGlobalSection
	GlobalSection(SolutionProperties) = preSolution
		HideSolutionNode = FALSE
	EndGlobalSection
	GlobalSection(ExtensibilityGlobals) = postSolution
		SolutionGuid = {478E19D1-08A8-4705-BBDB-8FC02359CA0A}
	EndGlobalSection
EndGlobal
